
Microsoft Visual Studio Solution File, Format Version 12.00
# Visual Studio 15
VisualStudioVersion = 15.0.26430.6
MinimumVisualStudioVersion = 10.0.40219.1
Project("{FAE04EC0-301F-11D3-BF4B-00C04F79EFBC}") = "ApartmentManager", "ApartmentManager\ApartmentManager.csproj", "{95401ED6-D03C-417D-8897-81B5454D2426}"
	ProjectSection(ProjectDependencies) = postProject
		{D777744A-9676-4193-BD59-6F30C724C87A} = {D777744A-9676-4193-BD59-6F30C724C87A}
	EndProjectSection
EndProject
Project("{FAE04EC0-301F-11D3-BF4B-00C04F79EFBC}") = "HousingWebApi", "HousingWebApi\HousingWebApi.csproj", "{D777744A-9676-4193-BD59-6F30C724C87A}"
EndProject
Project("{FAE04EC0-301F-11D3-BF4B-00C04F79EFBC}") = "ApartmentManagerUnitTestProject", "ApartmentManagerUnitTestProject\ApartmentManagerUnitTestProject.csproj", "{A518A278-3296-4260-A15C-B3C165C28943}"
EndProject
Global
	GlobalSection(SolutionConfigurationPlatforms) = preSolution
		Debug|Any CPU = Debug|Any CPU
		Debug|ARM = Debug|ARM
		Debug|x64 = Debug|x64
		Debug|x86 = Debug|x86
		Release|Any CPU = Release|Any CPU
		Release|ARM = Release|ARM
		Release|x64 = Release|x64
		Release|x86 = Release|x86
	EndGlobalSection
	GlobalSection(ProjectConfigurationPlatforms) = postSolution
		{95401ED6-D03C-417D-8897-81B5454D2426}.Debug|Any CPU.ActiveCfg = Debug|x86
		{95401ED6-D03C-417D-8897-81B5454D2426}.Debug|Any CPU.Build.0 = Debug|x86
		{95401ED6-D03C-417D-8897-81B5454D2426}.Debug|Any CPU.Deploy.0 = Debug|x86
		{95401ED6-D03C-417D-8897-81B5454D2426}.Debug|ARM.ActiveCfg = Debug|ARM
		{95401ED6-D03C-417D-8897-81B5454D2426}.Debug|ARM.Build.0 = Debug|ARM
		{95401ED6-D03C-417D-8897-81B5454D2426}.Debug|ARM.Deploy.0 = Debug|ARM
		{95401ED6-D03C-417D-8897-81B5454D2426}.Debug|x64.ActiveCfg = Debug|x64
		{95401ED6-D03C-417D-8897-81B5454D2426}.Debug|x64.Build.0 = Debug|x64
		{95401ED6-D03C-417D-8897-81B5454D2426}.Debug|x64.Deploy.0 = Debug|x64
		{95401ED6-D03C-417D-8897-81B5454D2426}.Debug|x86.ActiveCfg = Debug|x86
		{95401ED6-D03C-417D-8897-81B5454D2426}.Debug|x86.Build.0 = Debug|x86
		{95401ED6-D03C-417D-8897-81B5454D2426}.Debug|x86.Deploy.0 = Debug|x86
		{95401ED6-D03C-417D-8897-81B5454D2426}.Release|Any CPU.ActiveCfg = Release|x86
		{95401ED6-D03C-417D-8897-81B5454D2426}.Release|ARM.ActiveCfg = Release|ARM
		{95401ED6-D03C-417D-8897-81B5454D2426}.Release|ARM.Build.0 = Release|ARM
		{95401ED6-D03C-417D-8897-81B5454D2426}.Release|ARM.Deploy.0 = Release|ARM
		{95401ED6-D03C-417D-8897-81B5454D2426}.Release|x64.ActiveCfg = Release|x64
		{95401ED6-D03C-417D-8897-81B5454D2426}.Release|x64.Build.0 = Release|x64
		{95401ED6-D03C-417D-8897-81B5454D2426}.Release|x64.Deploy.0 = Release|x64
		{95401ED6-D03C-417D-8897-81B5454D2426}.Release|x86.ActiveCfg = Release|x86
		{95401ED6-D03C-417D-8897-81B5454D2426}.Release|x86.Build.0 = Release|x86
		{95401ED6-D03C-417D-8897-81B5454D2426}.Release|x86.Deploy.0 = Release|x86
		{D777744A-9676-4193-BD59-6F30C724C87A}.Debug|Any CPU.ActiveCfg = Debug|Any CPU
		{D777744A-9676-4193-BD59-6F30C724C87A}.Debug|ARM.ActiveCfg = Debug|Any CPU
		{D777744A-9676-4193-BD59-6F30C724C87A}.Debug|ARM.Build.0 = Debug|Any CPU
		{D777744A-9676-4193-BD59-6F30C724C87A}.Debug|x64.ActiveCfg = Debug|Any CPU
		{D777744A-9676-4193-BD59-6F30C724C87A}.Debug|x64.Build.0 = Debug|Any CPU
		{D777744A-9676-4193-BD59-6F30C724C87A}.Debug|x86.ActiveCfg = Debug|Any CPU
		{D777744A-9676-4193-BD59-6F30C724C87A}.Debug|x86.Build.0 = Debug|Any CPU
		{D777744A-9676-4193-BD59-6F30C724C87A}.Release|Any CPU.ActiveCfg = Release|Any CPU
		{D777744A-9676-4193-BD59-6F30C724C87A}.Release|Any CPU.Build.0 = Release|Any CPU
		{D777744A-9676-4193-BD59-6F30C724C87A}.Release|ARM.ActiveCfg = Release|Any CPU
		{D777744A-9676-4193-BD59-6F30C724C87A}.Release|ARM.Build.0 = Release|Any CPU
		{D777744A-9676-4193-BD59-6F30C724C87A}.Release|x64.ActiveCfg = Release|Any CPU
		{D777744A-9676-4193-BD59-6F30C724C87A}.Release|x64.Build.0 = Release|Any CPU
		{D777744A-9676-4193-BD59-6F30C724C87A}.Release|x86.ActiveCfg = Release|Any CPU
		{D777744A-9676-4193-BD59-6F30C724C87A}.Release|x86.Build.0 = Release|Any CPU
		{A518A278-3296-4260-A15C-B3C165C28943}.Debug|Any CPU.ActiveCfg = Debug|x86
		{A518A278-3296-4260-A15C-B3C165C28943}.Debug|ARM.ActiveCfg = Debug|ARM
		{A518A278-3296-4260-A15C-B3C165C28943}.Debug|ARM.Build.0 = Debug|ARM
		{A518A278-3296-4260-A15C-B3C165C28943}.Debug|ARM.Deploy.0 = Debug|ARM
		{A518A278-3296-4260-A15C-B3C165C28943}.Debug|x64.ActiveCfg = Debug|x64
		{A518A278-3296-4260-A15C-B3C165C28943}.Debug|x64.Build.0 = Debug|x64
		{A518A278-3296-4260-A15C-B3C165C28943}.Debug|x64.Deploy.0 = Debug|x64
		{A518A278-3296-4260-A15C-B3C165C28943}.Debug|x86.ActiveCfg = Debug|x86
		{A518A278-3296-4260-A15C-B3C165C28943}.Debug|x86.Build.0 = Debug|x86
		{A518A278-3296-4260-A15C-B3C165C28943}.Debug|x86.Deploy.0 = Debug|x86
		{A518A278-3296-4260-A15C-B3C165C28943}.Release|Any CPU.ActiveCfg = Release|x86
		{A518A278-3296-4260-A15C-B3C165C28943}.Release|ARM.ActiveCfg = Release|ARM
		{A518A278-3296-4260-A15C-B3C165C28943}.Release|ARM.Build.0 = Release|ARM
		{A518A278-3296-4260-A15C-B3C165C28943}.Release|ARM.Deploy.0 = Release|ARM
		{A518A278-3296-4260-A15C-B3C165C28943}.Release|x64.ActiveCfg = Release|x64
		{A518A278-3296-4260-A15C-B3C165C28943}.Release|x64.Build.0 = Release|x64
		{A518A278-3296-4260-A15C-B3C165C28943}.Release|x64.Deploy.0 = Release|x64
		{A518A278-3296-4260-A15C-B3C165C28943}.Release|x86.ActiveCfg = Release|x86
		{A518A278-3296-4260-A15C-B3C165C28943}.Release|x86.Build.0 = Release|x86
		{A518A278-3296-4260-A15C-B3C165C28943}.Release|x86.Deploy.0 = Release|x86
	EndGlobalSection
	GlobalSection(SolutionProperties) = preSolution
		HideSolutionNode = FALSE
	EndGlobalSection
EndGlobal
